{
  "pins" : [
    {
      "identity" : "brightcove-player-sdk-ios",
      "kind" : "remoteSourceControl",
      "location" : "https://github.com/brightcove/brightcove-player-sdk-ios.git",
      "state" : {
        "revision" : "d7d0740f15ccd7b1262047da59ef053b54323487",
        "version" : "6.10.5"
      }
    }
  ],
  "version" : 2
}
